
Microsoft Visual Studio Solution File, Format Version 12.00
# Visual Studio Version 16
VisualStudioVersion = 16.0.30503.244
MinimumVisualStudioVersion = 10.0.40219.1
Project("{FAE04EC0-301F-11D3-BF4B-00C04F79EFBC}") = "TRShading", "TRShading.csproj", "{D9231F72-2A3D-413E-9D7F-6538F8BF3E27}"
EndProject
Global
	GlobalSection(SolutionConfigurationPlatforms) = preSolution
		Debug|Any CPU = Debug|Any CPU
		Release|Any CPU = Release|Any CPU
	EndGlobalSection
	GlobalSection(ProjectConfigurationPlatforms) = postSolution
		{D9231F72-2A3D-413E-9D7F-6538F8BF3E27}.Debug|Any CPU.ActiveCfg = Debug|Any CPU
		{D9231F72-2A3D-413E-9D7F-6538F8BF3E27}.Debug|Any CPU.Build.0 = Debug|Any CPU
		{D9231F72-2A3D-413E-9D7F-6538F8BF3E27}.Release|Any CPU.ActiveCfg = Release|Any CPU
		{D9231F72-2A3D-413E-9D7F-6538F8BF3E27}.Release|Any CPU.Build.0 = Release|Any CPU
	EndGlobalSection
	GlobalSection(SolutionProperties) = preSolution
		HideSolutionNode = FALSE
	EndGlobalSection
	GlobalSection(ExtensibilityGlobals) = postSolution
		SolutionGuid = {8F0FCEC7-0795-4D74-BBC6-043610242EED}
	EndGlobalSection
EndGlobal
